
Microsoft Visual Studio Solution File, Format Version 12.00
# Visual Studio Version 17
VisualStudioVersion = 17.14.36623.8 d17.14
MinimumVisualStudioVersion = 10.0.40219.1
Project("{FAE04EC0-301F-11D3-BF4B-00C04F79EFBC}") = "DesignPatternChallenge_Proxy", "DesignPatternChallenge_Proxy\DesignPatternChallenge_Proxy.csproj", "{F88CFD09-A662-47DB-A52D-515952A2EC17}"
EndProject
Global
	GlobalSection(SolutionConfigurationPlatforms) = preSolution
		Debug|Any CPU = Debug|Any CPU
		Release|Any CPU = Release|Any CPU
	EndGlobalSection
	GlobalSection(ProjectConfigurationPlatforms) = postSolution
		{F88CFD09-A662-47DB-A52D-515952A2EC17}.Debug|Any CPU.ActiveCfg = Debug|Any CPU
		{F88CFD09-A662-47DB-A52D-515952A2EC17}.Debug|Any CPU.Build.0 = Debug|Any CPU
		{F88CFD09-A662-47DB-A52D-515952A2EC17}.Release|Any CPU.ActiveCfg = Release|Any CPU
		{F88CFD09-A662-47DB-A52D-515952A2EC17}.Release|Any CPU.Build.0 = Release|Any CPU
	EndGlobalSection
	GlobalSection(SolutionProperties) = preSolution
		HideSolutionNode = FALSE
	EndGlobalSection
	GlobalSection(ExtensibilityGlobals) = postSolution
		SolutionGuid = {BB611508-6EEE-4677-9D7A-1D98C6848066}
	EndGlobalSection
EndGlobal
